
Microsoft Visual Studio Solution File, Format Version 12.00
# Visual Studio 15
VisualStudioVersion = 15.0.27004.2005
MinimumVisualStudioVersion = 10.0.40219.1
Project("{FAE04EC0-301F-11D3-BF4B-00C04F79EFBC}") = "O8.BLKFlexibleHeightBar", "BLKFlexibleHeightBar\O8.BLKFlexibleHeightBar.csproj", "{448466D4-0ED3-4B54-81FF-EF049EF44C1C}"
EndProject
Project("{FAE04EC0-301F-11D3-BF4B-00C04F79EFBC}") = "Sample-local", "Sample\Sample-local.csproj", "{134A863C-F493-4980-BACD-6903657FAA04}"
EndProject
Global
	GlobalSection(SolutionConfigurationPlatforms) = preSolution
		Ad-Hoc|Any CPU = Ad-Hoc|Any CPU
		Ad-Hoc|iPhone = Ad-Hoc|iPhone
		Ad-Hoc|iPhoneSimulator = Ad-Hoc|iPhoneSimulator
		AppStore|Any CPU = AppStore|Any CPU
		AppStore|iPhone = AppStore|iPhone
		AppStore|iPhoneSimulator = AppStore|iPhoneSimulator
		Debug|Any CPU = Debug|Any CPU
		Debug|iPhone = Debug|iPhone
		Debug|iPhoneSimulator = Debug|iPhoneSimulator
		Perf|Any CPU = Perf|Any CPU
		Perf|iPhone = Perf|iPhone
		Perf|iPhoneSimulator = Perf|iPhoneSimulator
		Release|Any CPU = Release|Any CPU
		Release|iPhone = Release|iPhone
		Release|iPhoneSimulator = Release|iPhoneSimulator
		Test|Any CPU = Test|Any CPU
		Test|iPhone = Test|iPhone
		Test|iPhoneSimulator = Test|iPhoneSimulator
		Training|Any CPU = Training|Any CPU
		Training|iPhone = Training|iPhone
		Training|iPhoneSimulator = Training|iPhoneSimulator
		UAT|Any CPU = UAT|Any CPU
		UAT|iPhone = UAT|iPhone
		UAT|iPhoneSimulator = UAT|iPhoneSimulator
	EndGlobalSection
	GlobalSection(ProjectConfigurationPlatforms) = postSolution
		{448466D4-0ED3-4B54-81FF-EF049EF44C1C}.Ad-Hoc|Any CPU.ActiveCfg = Perf|Any CPU
		{448466D4-0ED3-4B54-81FF-EF049EF44C1C}.Ad-Hoc|Any CPU.Build.0 = Perf|Any CPU
		{448466D4-0ED3-4B54-81FF-EF049EF44C1C}.Ad-Hoc|iPhone.ActiveCfg = Perf|Any CPU
		{448466D4-0ED3-4B54-81FF-EF049EF44C1C}.Ad-Hoc|iPhone.Build.0 = Perf|Any CPU
		{448466D4-0ED3-4B54-81FF-EF049EF44C1C}.Ad-Hoc|iPhoneSimulator.ActiveCfg = Perf|Any CPU
		{448466D4-0ED3-4B54-81FF-EF049EF44C1C}.Ad-Hoc|iPhoneSimulator.Build.0 = Perf|Any CPU
		{448466D4-0ED3-4B54-81FF-EF049EF44C1C}.AppStore|Any CPU.ActiveCfg = Perf|Any CPU
		{448466D4-0ED3-4B54-81FF-EF049EF44C1C}.AppStore|Any CPU.Build.0 = Perf|Any CPU
		{448466D4-0ED3-4B54-81FF-EF049EF44C1C}.AppStore|iPhone.ActiveCfg = Perf|Any CPU
		{448466D4-0ED3-4B54-81FF-EF049EF44C1C}.AppStore|iPhone.Build.0 = Perf|Any CPU
		{448466D4-0ED3-4B54-81FF-EF049EF44C1C}.AppStore|iPhoneSimulator.ActiveCfg = Perf|Any CPU
		{448466D4-0ED3-4B54-81FF-EF049EF44C1C}.AppStore|iPhoneSimulator.Build.0 = Perf|Any CPU
		{448466D4-0ED3-4B54-81FF-EF049EF44C1C}.Debug|Any CPU.ActiveCfg = Debug|Any CPU
		{448466D4-0ED3-4B54-81FF-EF049EF44C1C}.Debug|Any CPU.Build.0 = Debug|Any CPU
		{448466D4-0ED3-4B54-81FF-EF049EF44C1C}.Debug|iPhone.ActiveCfg = Debug|Any CPU
		{448466D4-0ED3-4B54-81FF-EF049EF44C1C}.Debug|iPhone.Build.0 = Debug|Any CPU
		{448466D4-0ED3-4B54-81FF-EF049EF44C1C}.Debug|iPhoneSimulator.ActiveCfg = Debug|Any CPU
		{448466D4-0ED3-4B54-81FF-EF049EF44C1C}.Debug|iPhoneSimulator.Build.0 = Debug|Any CPU
		{448466D4-0ED3-4B54-81FF-EF049EF44C1C}.Perf|Any CPU.ActiveCfg = Perf|Any CPU
		{448466D4-0ED3-4B54-81FF-EF049EF44C1C}.Perf|Any CPU.Build.0 = Perf|Any CPU
		{448466D4-0ED3-4B54-81FF-EF049EF44C1C}.Perf|iPhone.ActiveCfg = Perf|Any CPU
		{448466D4-0ED3-4B54-81FF-EF049EF44C1C}.Perf|iPhone.Build.0 = Perf|Any CPU
		{448466D4-0ED3-4B54-81FF-EF049EF44C1C}.Perf|iPhoneSimulator.ActiveCfg = Perf|Any CPU
		{448466D4-0ED3-4B54-81FF-EF049EF44C1C}.Perf|iPhoneSimulator.Build.0 = Perf|Any CPU
		{448466D4-0ED3-4B54-81FF-EF049EF44C1C}.Release|Any CPU.ActiveCfg = Release|Any CPU
		{448466D4-0ED3-4B54-81FF-EF049EF44C1C}.Release|Any CPU.Build.0 = Release|Any CPU
		{448466D4-0ED3-4B54-81FF-EF049EF44C1C}.Release|iPhone.ActiveCfg = Release|Any CPU
		{448466D4-0ED3-4B54-81FF-EF049EF44C1C}.Release|iPhone.Build.0 = Release|Any CPU
		{448466D4-0ED3-4B54-81FF-EF049EF44C1C}.Release|iPhoneSimulator.ActiveCfg = Release|Any CPU
		{448466D4-0ED3-4B54-81FF-EF049EF44C1C}.Release|iPhoneSimulator.Build.0 = Release|Any CPU
		{448466D4-0ED3-4B54-81FF-EF049EF44C1C}.Test|Any CPU.ActiveCfg = Test|Any CPU
		{448466D4-0ED3-4B54-81FF-EF049EF44C1C}.Test|Any CPU.Build.0 = Test|Any CPU
		{448466D4-0ED3-4B54-81FF-EF049EF44C1C}.Test|iPhone.ActiveCfg = Test|Any CPU
		{448466D4-0ED3-4B54-81FF-EF049EF44C1C}.Test|iPhone.Build.0 = Test|Any CPU
		{448466D4-0ED3-4B54-81FF-EF049EF44C1C}.Test|iPhoneSimulator.ActiveCfg = Test|Any CPU
		{448466D4-0ED3-4B54-81FF-EF049EF44C1C}.Test|iPhoneSimulator.Build.0 = Test|Any CPU
		{448466D4-0ED3-4B54-81FF-EF049EF44C1C}.Training|Any CPU.ActiveCfg = Training|Any CPU
		{448466D4-0ED3-4B54-81FF-EF049EF44C1C}.Training|Any CPU.Build.0 = Training|Any CPU
		{448466D4-0ED3-4B54-81FF-EF049EF44C1C}.Training|iPhone.ActiveCfg = Training|Any CPU
		{448466D4-0ED3-4B54-81FF-EF049EF44C1C}.Training|iPhone.Build.0 = Training|Any CPU
		{448466D4-0ED3-4B54-81FF-EF049EF44C1C}.Training|iPhoneSimulator.ActiveCfg = Training|Any CPU
		{448466D4-0ED3-4B54-81FF-EF049EF44C1C}.Training|iPhoneSimulator.Build.0 = Training|Any CPU
		{448466D4-0ED3-4B54-81FF-EF049EF44C1C}.UAT|Any CPU.ActiveCfg = UAT|Any CPU
		{448466D4-0ED3-4B54-81FF-EF049EF44C1C}.UAT|Any CPU.Build.0 = UAT|Any CPU
		{448466D4-0ED3-4B54-81FF-EF049EF44C1C}.UAT|iPhone.ActiveCfg = UAT|Any CPU
		{448466D4-0ED3-4B54-81FF-EF049EF44C1C}.UAT|iPhone.Build.0 = UAT|Any CPU
		{448466D4-0ED3-4B54-81FF-EF049EF44C1C}.UAT|iPhoneSimulator.ActiveCfg = UAT|Any CPU
		{448466D4-0ED3-4B54-81FF-EF049EF44C1C}.UAT|iPhoneSimulator.Build.0 = UAT|Any CPU
		{134A863C-F493-4980-BACD-6903657FAA04}.Ad-Hoc|Any CPU.ActiveCfg = Ad-Hoc|iPhone
		{134A863C-F493-4980-BACD-6903657FAA04}.Ad-Hoc|iPhone.ActiveCfg = Ad-Hoc|iPhone
		{134A863C-F493-4980-BACD-6903657FAA04}.Ad-Hoc|iPhone.Build.0 = Ad-Hoc|iPhone
		{134A863C-F493-4980-BACD-6903657FAA04}.Ad-Hoc|iPhoneSimulator.ActiveCfg = Ad-Hoc|iPhoneSimulator
		{134A863C-F493-4980-BACD-6903657FAA04}.Ad-Hoc|iPhoneSimulator.Build.0 = Ad-Hoc|iPhoneSimulator
		{134A863C-F493-4980-BACD-6903657FAA04}.AppStore|Any CPU.ActiveCfg = AppStore|iPhone
		{134A863C-F493-4980-BACD-6903657FAA04}.AppStore|iPhone.ActiveCfg = AppStore|iPhone
		{134A863C-F493-4980-BACD-6903657FAA04}.AppStore|iPhone.Build.0 = AppStore|iPhone
		{134A863C-F493-4980-BACD-6903657FAA04}.AppStore|iPhoneSimulator.ActiveCfg = AppStore|iPhoneSimulator
		{134A863C-F493-4980-BACD-6903657FAA04}.AppStore|iPhoneSimulator.Build.0 = AppStore|iPhoneSimulator
		{134A863C-F493-4980-BACD-6903657FAA04}.Debug|Any CPU.ActiveCfg = Debug|iPhone
		{134A863C-F493-4980-BACD-6903657FAA04}.Debug|iPhone.ActiveCfg = Debug|iPhone
		{134A863C-F493-4980-BACD-6903657FAA04}.Debug|iPhone.Build.0 = Debug|iPhone
		{134A863C-F493-4980-BACD-6903657FAA04}.Debug|iPhoneSimulator.ActiveCfg = Debug|iPhoneSimulator
		{134A863C-F493-4980-BACD-6903657FAA04}.Debug|iPhoneSimulator.Build.0 = Debug|iPhoneSimulator
		{134A863C-F493-4980-BACD-6903657FAA04}.Perf|Any CPU.ActiveCfg = AppStore|iPhone
		{134A863C-F493-4980-BACD-6903657FAA04}.Perf|Any CPU.Build.0 = AppStore|iPhone
		{134A863C-F493-4980-BACD-6903657FAA04}.Perf|iPhone.ActiveCfg = AppStore|iPhone
		{134A863C-F493-4980-BACD-6903657FAA04}.Perf|iPhone.Build.0 = AppStore|iPhone
		{134A863C-F493-4980-BACD-6903657FAA04}.Perf|iPhoneSimulator.ActiveCfg = AppStore|iPhoneSimulator
		{134A863C-F493-4980-BACD-6903657FAA04}.Perf|iPhoneSimulator.Build.0 = AppStore|iPhoneSimulator
		{134A863C-F493-4980-BACD-6903657FAA04}.Release|Any CPU.ActiveCfg = Release|iPhone
		{134A863C-F493-4980-BACD-6903657FAA04}.Release|iPhone.ActiveCfg = Release|iPhone
		{134A863C-F493-4980-BACD-6903657FAA04}.Release|iPhone.Build.0 = Release|iPhone
		{134A863C-F493-4980-BACD-6903657FAA04}.Release|iPhoneSimulator.ActiveCfg = Release|iPhoneSimulator
		{134A863C-F493-4980-BACD-6903657FAA04}.Release|iPhoneSimulator.Build.0 = Release|iPhoneSimulator
		{134A863C-F493-4980-BACD-6903657FAA04}.Test|Any CPU.ActiveCfg = AppStore|iPhone
		{134A863C-F493-4980-BACD-6903657FAA04}.Test|Any CPU.Build.0 = AppStore|iPhone
		{134A863C-F493-4980-BACD-6903657FAA04}.Test|iPhone.ActiveCfg = AppStore|iPhone
		{134A863C-F493-4980-BACD-6903657FAA04}.Test|iPhone.Build.0 = AppStore|iPhone
		{134A863C-F493-4980-BACD-6903657FAA04}.Test|iPhoneSimulator.ActiveCfg = AppStore|iPhoneSimulator
		{134A863C-F493-4980-BACD-6903657FAA04}.Test|iPhoneSimulator.Build.0 = AppStore|iPhoneSimulator
		{134A863C-F493-4980-BACD-6903657FAA04}.Training|Any CPU.ActiveCfg = AppStore|iPhone
		{134A863C-F493-4980-BACD-6903657FAA04}.Training|Any CPU.Build.0 = AppStore|iPhone
		{134A863C-F493-4980-BACD-6903657FAA04}.Training|iPhone.ActiveCfg = AppStore|iPhone
		{134A863C-F493-4980-BACD-6903657FAA04}.Training|iPhone.Build.0 = AppStore|iPhone
		{134A863C-F493-4980-BACD-6903657FAA04}.Training|iPhoneSimulator.ActiveCfg = AppStore|iPhoneSimulator
		{134A863C-F493-4980-BACD-6903657FAA04}.Training|iPhoneSimulator.Build.0 = AppStore|iPhoneSimulator
		{134A863C-F493-4980-BACD-6903657FAA04}.UAT|Any CPU.ActiveCfg = AppStore|iPhone
		{134A863C-F493-4980-BACD-6903657FAA04}.UAT|Any CPU.Build.0 = AppStore|iPhone
		{134A863C-F493-4980-BACD-6903657FAA04}.UAT|iPhone.ActiveCfg = AppStore|iPhone
		{134A863C-F493-4980-BACD-6903657FAA04}.UAT|iPhone.Build.0 = AppStore|iPhone
		{134A863C-F493-4980-BACD-6903657FAA04}.UAT|iPhoneSimulator.ActiveCfg = AppStore|iPhoneSimulator
		{134A863C-F493-4980-BACD-6903657FAA04}.UAT|iPhoneSimulator.Build.0 = AppStore|iPhoneSimulator
	EndGlobalSection
	GlobalSection(SolutionProperties) = preSolution
		HideSolutionNode = FALSE
	EndGlobalSection
	GlobalSection(ExtensibilityGlobals) = postSolution
		SolutionGuid = {F1AB02AD-A36A-4BA2-81C6-8EEA16CD8F94}
	EndGlobalSection
EndGlobal
