
Microsoft Visual Studio Solution File, Format Version 12.00
# Visual Studio 15
VisualStudioVersion = 15.0.27004.2005
MinimumVisualStudioVersion = 10.0.40219.1
Project("{FAE04EC0-301F-11D3-BF4B-00C04F79EFBC}") = "BLKFlexibleHeightBar", "BLKFlexibleHeightBar\BLKFlexibleHeightBar.csproj", "{448466D4-0ED3-4B54-81FF-EF049EF44C1C}"
EndProject
Global
	GlobalSection(SolutionConfigurationPlatforms) = preSolution
		Debug|Any CPU = Debug|Any CPU
		Perf|Any CPU = Perf|Any CPU
		Release|Any CPU = Release|Any CPU
		Test|Any CPU = Test|Any CPU
		Training|Any CPU = Training|Any CPU
		UAT|Any CPU = UAT|Any CPU
	EndGlobalSection
	GlobalSection(ProjectConfigurationPlatforms) = postSolution
		{448466D4-0ED3-4B54-81FF-EF049EF44C1C}.Debug|Any CPU.ActiveCfg = Debug|Any CPU
		{448466D4-0ED3-4B54-81FF-EF049EF44C1C}.Debug|Any CPU.Build.0 = Debug|Any CPU
		{448466D4-0ED3-4B54-81FF-EF049EF44C1C}.Perf|Any CPU.ActiveCfg = Perf|Any CPU
		{448466D4-0ED3-4B54-81FF-EF049EF44C1C}.Perf|Any CPU.Build.0 = Perf|Any CPU
		{448466D4-0ED3-4B54-81FF-EF049EF44C1C}.Release|Any CPU.ActiveCfg = Release|Any CPU
		{448466D4-0ED3-4B54-81FF-EF049EF44C1C}.Release|Any CPU.Build.0 = Release|Any CPU
		{448466D4-0ED3-4B54-81FF-EF049EF44C1C}.Test|Any CPU.ActiveCfg = Test|Any CPU
		{448466D4-0ED3-4B54-81FF-EF049EF44C1C}.Test|Any CPU.Build.0 = Test|Any CPU
		{448466D4-0ED3-4B54-81FF-EF049EF44C1C}.Training|Any CPU.ActiveCfg = Training|Any CPU
		{448466D4-0ED3-4B54-81FF-EF049EF44C1C}.Training|Any CPU.Build.0 = Training|Any CPU
		{448466D4-0ED3-4B54-81FF-EF049EF44C1C}.UAT|Any CPU.ActiveCfg = UAT|Any CPU
		{448466D4-0ED3-4B54-81FF-EF049EF44C1C}.UAT|Any CPU.Build.0 = UAT|Any CPU
	EndGlobalSection
	GlobalSection(SolutionProperties) = preSolution
		HideSolutionNode = FALSE
	EndGlobalSection
	GlobalSection(ExtensibilityGlobals) = postSolution
		SolutionGuid = {F1AB02AD-A36A-4BA2-81C6-8EEA16CD8F94}
	EndGlobalSection
EndGlobal
